
using System;
using System.Collections.Generic;
using System.Linq;
using System.Text;
using System.Threading.Tasks;
using OpenQA.Selenium;
using OpenQA.Selenium.Chrome;
[assembly: log4net.Config.XmlConfigurator(Watch = true)]

namespace Log4net
{
   
    class Program
    {
        private static readonly log4net.ILog log = log4net.LogManager.GetLogger(System.Reflection.MethodBase.GetCurrentMethod().DeclaringType);
        static void Main(string[] args)
        {

            //IWebDriver driver = new ChromeDriver();

            //driver.Navigate().GoToUrl("http://saitechshoppingcart.us-east-1.elasticbeanstalk.com/");

            //log.Info("Welcome");

            Console.WriteLine("Welcome");

            log.Error("How come");

            Console.ReadLine();
        }
    }
}
